
Microsoft Visual Studio Solution File, Format Version 12.00
# Visual Studio Version 16
VisualStudioVersion = 16.0.29905.134
MinimumVisualStudioVersion = 10.0.40219.1
Project("{FAE04EC0-301F-11D3-BF4B-00C04F79EFBC}") = "TestLogowanie", "TestLogowanie\TestLogowanie.csproj", "{A14FD769-AFBB-4D62-A244-E8E743052FFE}"
EndProject
Global
	GlobalSection(SolutionConfigurationPlatforms) = preSolution
		Debug|Any CPU = Debug|Any CPU
		Release|Any CPU = Release|Any CPU
	EndGlobalSection
	GlobalSection(ProjectConfigurationPlatforms) = postSolution
		{A14FD769-AFBB-4D62-A244-E8E743052FFE}.Debug|Any CPU.ActiveCfg = Debug|Any CPU
		{A14FD769-AFBB-4D62-A244-E8E743052FFE}.Debug|Any CPU.Build.0 = Debug|Any CPU
		{A14FD769-AFBB-4D62-A244-E8E743052FFE}.Release|Any CPU.ActiveCfg = Release|Any CPU
		{A14FD769-AFBB-4D62-A244-E8E743052FFE}.Release|Any CPU.Build.0 = Release|Any CPU
	EndGlobalSection
	GlobalSection(SolutionProperties) = preSolution
		HideSolutionNode = FALSE
	EndGlobalSection
	GlobalSection(ExtensibilityGlobals) = postSolution
		SolutionGuid = {EA3F7B7D-1BC7-4302-9EF3-DC9637BFFD34}
	EndGlobalSection
EndGlobal
